
Microsoft Visual Studio Solution File, Format Version 12.00
# Visual Studio 15
VisualStudioVersion = 15.0.28307.421
MinimumVisualStudioVersion = 10.0.40219.1
Project("{8BC9CEB8-8B4A-11D0-8D11-00A0C91BC942}") = "Win32Communication", "Win32Communication\Win32Communication.vcxproj", "{625C6B2F-0EC5-4B3F-B86F-C54EC9F3F5F9}"
EndProject
Project("{C7167F0D-BC9F-4E6E-AFE1-012C56B48DB5}") = "PackagingProject", "PackagingProject\PackagingProject.wapproj", "{2625093F-7DC7-440E-A6E3-D373F637AAB7}"
	ProjectSection(ProjectDependencies) = postProject
		{E7F93196-1E86-4A6D-857F-6AD4765C9037} = {E7F93196-1E86-4A6D-857F-6AD4765C9037}
	EndProjectSection
EndProject
Project("{8BC9CEB8-8B4A-11D0-8D11-00A0C91BC942}") = "LauncherApp", "LauncherApp\LauncherApp.vcxproj", "{DCC54133-E58F-4F80-90C6-E3DF378F6255}"
EndProject
Project("{8BC9CEB8-8B4A-11D0-8D11-00A0C91BC942}") = "ConsoleApplication1", "ConsoleApplication1\ConsoleApplication1.vcxproj", "{E7F93196-1E86-4A6D-857F-6AD4765C9037}"
EndProject
Global
	GlobalSection(SolutionConfigurationPlatforms) = preSolution
		Debug|Any CPU = Debug|Any CPU
		Debug|ARM = Debug|ARM
		Debug|ARM64 = Debug|ARM64
		Debug|x64 = Debug|x64
		Debug|x86 = Debug|x86
		Release|Any CPU = Release|Any CPU
		Release|ARM = Release|ARM
		Release|ARM64 = Release|ARM64
		Release|x64 = Release|x64
		Release|x86 = Release|x86
	EndGlobalSection
	GlobalSection(ProjectConfigurationPlatforms) = postSolution
		{625C6B2F-0EC5-4B3F-B86F-C54EC9F3F5F9}.Debug|Any CPU.ActiveCfg = Debug|Win32
		{625C6B2F-0EC5-4B3F-B86F-C54EC9F3F5F9}.Debug|ARM.ActiveCfg = Debug|ARM
		{625C6B2F-0EC5-4B3F-B86F-C54EC9F3F5F9}.Debug|ARM.Build.0 = Debug|ARM
		{625C6B2F-0EC5-4B3F-B86F-C54EC9F3F5F9}.Debug|ARM.Deploy.0 = Debug|ARM
		{625C6B2F-0EC5-4B3F-B86F-C54EC9F3F5F9}.Debug|ARM64.ActiveCfg = Debug|ARM64
		{625C6B2F-0EC5-4B3F-B86F-C54EC9F3F5F9}.Debug|ARM64.Build.0 = Debug|ARM64
		{625C6B2F-0EC5-4B3F-B86F-C54EC9F3F5F9}.Debug|ARM64.Deploy.0 = Debug|ARM64
		{625C6B2F-0EC5-4B3F-B86F-C54EC9F3F5F9}.Debug|x64.ActiveCfg = Debug|x64
		{625C6B2F-0EC5-4B3F-B86F-C54EC9F3F5F9}.Debug|x64.Build.0 = Debug|x64
		{625C6B2F-0EC5-4B3F-B86F-C54EC9F3F5F9}.Debug|x86.ActiveCfg = Debug|Win32
		{625C6B2F-0EC5-4B3F-B86F-C54EC9F3F5F9}.Debug|x86.Build.0 = Debug|Win32
		{625C6B2F-0EC5-4B3F-B86F-C54EC9F3F5F9}.Release|Any CPU.ActiveCfg = Release|Win32
		{625C6B2F-0EC5-4B3F-B86F-C54EC9F3F5F9}.Release|ARM.ActiveCfg = Release|ARM
		{625C6B2F-0EC5-4B3F-B86F-C54EC9F3F5F9}.Release|ARM.Build.0 = Release|ARM
		{625C6B2F-0EC5-4B3F-B86F-C54EC9F3F5F9}.Release|ARM.Deploy.0 = Release|ARM
		{625C6B2F-0EC5-4B3F-B86F-C54EC9F3F5F9}.Release|ARM64.ActiveCfg = Release|ARM64
		{625C6B2F-0EC5-4B3F-B86F-C54EC9F3F5F9}.Release|ARM64.Build.0 = Release|ARM64
		{625C6B2F-0EC5-4B3F-B86F-C54EC9F3F5F9}.Release|ARM64.Deploy.0 = Release|ARM64
		{625C6B2F-0EC5-4B3F-B86F-C54EC9F3F5F9}.Release|x64.ActiveCfg = Release|x64
		{625C6B2F-0EC5-4B3F-B86F-C54EC9F3F5F9}.Release|x64.Build.0 = Release|x64
		{625C6B2F-0EC5-4B3F-B86F-C54EC9F3F5F9}.Release|x86.ActiveCfg = Release|Win32
		{625C6B2F-0EC5-4B3F-B86F-C54EC9F3F5F9}.Release|x86.Build.0 = Release|Win32
		{2625093F-7DC7-440E-A6E3-D373F637AAB7}.Debug|Any CPU.ActiveCfg = Debug|Any CPU
		{2625093F-7DC7-440E-A6E3-D373F637AAB7}.Debug|Any CPU.Build.0 = Debug|Any CPU
		{2625093F-7DC7-440E-A6E3-D373F637AAB7}.Debug|Any CPU.Deploy.0 = Debug|Any CPU
		{2625093F-7DC7-440E-A6E3-D373F637AAB7}.Debug|ARM.ActiveCfg = Debug|Any CPU
		{2625093F-7DC7-440E-A6E3-D373F637AAB7}.Debug|ARM.Build.0 = Debug|Any CPU
		{2625093F-7DC7-440E-A6E3-D373F637AAB7}.Debug|ARM.Deploy.0 = Debug|Any CPU
		{2625093F-7DC7-440E-A6E3-D373F637AAB7}.Debug|ARM64.ActiveCfg = Debug|Any CPU
		{2625093F-7DC7-440E-A6E3-D373F637AAB7}.Debug|ARM64.Build.0 = Debug|Any CPU
		{2625093F-7DC7-440E-A6E3-D373F637AAB7}.Debug|ARM64.Deploy.0 = Debug|Any CPU
		{2625093F-7DC7-440E-A6E3-D373F637AAB7}.Debug|x64.ActiveCfg = Debug|x64
		{2625093F-7DC7-440E-A6E3-D373F637AAB7}.Debug|x64.Build.0 = Debug|x64
		{2625093F-7DC7-440E-A6E3-D373F637AAB7}.Debug|x64.Deploy.0 = Debug|x64
		{2625093F-7DC7-440E-A6E3-D373F637AAB7}.Debug|x86.ActiveCfg = Debug|x86
		{2625093F-7DC7-440E-A6E3-D373F637AAB7}.Debug|x86.Build.0 = Debug|x86
		{2625093F-7DC7-440E-A6E3-D373F637AAB7}.Debug|x86.Deploy.0 = Debug|x86
		{2625093F-7DC7-440E-A6E3-D373F637AAB7}.Release|Any CPU.ActiveCfg = Release|Any CPU
		{2625093F-7DC7-440E-A6E3-D373F637AAB7}.Release|Any CPU.Build.0 = Release|Any CPU
		{2625093F-7DC7-440E-A6E3-D373F637AAB7}.Release|Any CPU.Deploy.0 = Release|Any CPU
		{2625093F-7DC7-440E-A6E3-D373F637AAB7}.Release|ARM.ActiveCfg = Release|Any CPU
		{2625093F-7DC7-440E-A6E3-D373F637AAB7}.Release|ARM.Build.0 = Release|Any CPU
		{2625093F-7DC7-440E-A6E3-D373F637AAB7}.Release|ARM.Deploy.0 = Release|Any CPU
		{2625093F-7DC7-440E-A6E3-D373F637AAB7}.Release|ARM64.ActiveCfg = Release|Any CPU
		{2625093F-7DC7-440E-A6E3-D373F637AAB7}.Release|ARM64.Build.0 = Release|Any CPU
		{2625093F-7DC7-440E-A6E3-D373F637AAB7}.Release|ARM64.Deploy.0 = Release|Any CPU
		{2625093F-7DC7-440E-A6E3-D373F637AAB7}.Release|x64.ActiveCfg = Release|x64
		{2625093F-7DC7-440E-A6E3-D373F637AAB7}.Release|x64.Build.0 = Release|x64
		{2625093F-7DC7-440E-A6E3-D373F637AAB7}.Release|x64.Deploy.0 = Release|x64
		{2625093F-7DC7-440E-A6E3-D373F637AAB7}.Release|x86.ActiveCfg = Release|x86
		{2625093F-7DC7-440E-A6E3-D373F637AAB7}.Release|x86.Build.0 = Release|x86
		{2625093F-7DC7-440E-A6E3-D373F637AAB7}.Release|x86.Deploy.0 = Release|x86
		{DCC54133-E58F-4F80-90C6-E3DF378F6255}.Debug|Any CPU.ActiveCfg = Debug|Win32
		{DCC54133-E58F-4F80-90C6-E3DF378F6255}.Debug|ARM.ActiveCfg = Debug|Win32
		{DCC54133-E58F-4F80-90C6-E3DF378F6255}.Debug|ARM64.ActiveCfg = Debug|Win32
		{DCC54133-E58F-4F80-90C6-E3DF378F6255}.Debug|x64.ActiveCfg = Debug|x64
		{DCC54133-E58F-4F80-90C6-E3DF378F6255}.Debug|x64.Build.0 = Debug|x64
		{DCC54133-E58F-4F80-90C6-E3DF378F6255}.Debug|x86.ActiveCfg = Debug|Win32
		{DCC54133-E58F-4F80-90C6-E3DF378F6255}.Debug|x86.Build.0 = Debug|Win32
		{DCC54133-E58F-4F80-90C6-E3DF378F6255}.Release|Any CPU.ActiveCfg = Release|Win32
		{DCC54133-E58F-4F80-90C6-E3DF378F6255}.Release|ARM.ActiveCfg = Release|Win32
		{DCC54133-E58F-4F80-90C6-E3DF378F6255}.Release|ARM64.ActiveCfg = Release|Win32
		{DCC54133-E58F-4F80-90C6-E3DF378F6255}.Release|x64.ActiveCfg = Release|x64
		{DCC54133-E58F-4F80-90C6-E3DF378F6255}.Release|x64.Build.0 = Release|x64
		{DCC54133-E58F-4F80-90C6-E3DF378F6255}.Release|x86.ActiveCfg = Release|Win32
		{DCC54133-E58F-4F80-90C6-E3DF378F6255}.Release|x86.Build.0 = Release|Win32
		{E7F93196-1E86-4A6D-857F-6AD4765C9037}.Debug|Any CPU.ActiveCfg = Debug|Win32
		{E7F93196-1E86-4A6D-857F-6AD4765C9037}.Debug|ARM.ActiveCfg = Debug|Win32
		{E7F93196-1E86-4A6D-857F-6AD4765C9037}.Debug|ARM64.ActiveCfg = Debug|Win32
		{E7F93196-1E86-4A6D-857F-6AD4765C9037}.Debug|x64.ActiveCfg = Debug|x64
		{E7F93196-1E86-4A6D-857F-6AD4765C9037}.Debug|x64.Build.0 = Debug|x64
		{E7F93196-1E86-4A6D-857F-6AD4765C9037}.Debug|x86.ActiveCfg = Debug|Win32
		{E7F93196-1E86-4A6D-857F-6AD4765C9037}.Debug|x86.Build.0 = Debug|Win32
		{E7F93196-1E86-4A6D-857F-6AD4765C9037}.Release|Any CPU.ActiveCfg = Release|Win32
		{E7F93196-1E86-4A6D-857F-6AD4765C9037}.Release|ARM.ActiveCfg = Release|Win32
		{E7F93196-1E86-4A6D-857F-6AD4765C9037}.Release|ARM64.ActiveCfg = Release|Win32
		{E7F93196-1E86-4A6D-857F-6AD4765C9037}.Release|x64.ActiveCfg = Release|x64
		{E7F93196-1E86-4A6D-857F-6AD4765C9037}.Release|x64.Build.0 = Release|x64
		{E7F93196-1E86-4A6D-857F-6AD4765C9037}.Release|x86.ActiveCfg = Release|Win32
		{E7F93196-1E86-4A6D-857F-6AD4765C9037}.Release|x86.Build.0 = Release|Win32
	EndGlobalSection
	GlobalSection(SolutionProperties) = preSolution
		HideSolutionNode = FALSE
	EndGlobalSection
	GlobalSection(ExtensibilityGlobals) = postSolution
		SolutionGuid = {8082070C-5378-49E3-9601-664A29D24F33}
	EndGlobalSection
EndGlobal
